
Microsoft Visual Studio Solution File, Format Version 12.00
# Visual Studio Version 16
VisualStudioVersion = 16.0.30611.23
MinimumVisualStudioVersion = 10.0.40219.1
Project("{9A19103F-16F7-4668-BE54-9A1E7A4F7556}") = "AT.Worker", "AutoTrader\AT.Worker.csproj", "{A379BC90-B42E-4A5E-8295-8AC9637E9A57}"
EndProject
Project("{9A19103F-16F7-4668-BE54-9A1E7A4F7556}") = "AT.Data", "AT.Data\AT.Data.csproj", "{73F8862E-FB5D-40BE-87E6-51303E630070}"
EndProject
Project("{9A19103F-16F7-4668-BE54-9A1E7A4F7556}") = "AT.Domain", "AT.Domain\AT.Domain.csproj", "{2BEF8B3F-2CB7-4C59-9518-14F395134966}"
EndProject
Project("{2150E333-8FDC-42A3-9474-1A3956D46DE8}") = "Solution Items", "Solution Items", "{704284B5-A8DA-4B52-B846-FBAD4FE9202C}"
	ProjectSection(SolutionItems) = preProject
		CustomCodeAnalysisRules.ruleset = CustomCodeAnalysisRules.ruleset
		Documents\How to install.txt = Documents\How to install.txt
		SolutionInfo.proj = SolutionInfo.proj
		Documents\SQL queries.txt = Documents\SQL queries.txt
	EndProjectSection
EndProject
Project("{FAE04EC0-301F-11D3-BF4B-00C04F79EFBC}") = "AT.Business", "AT.Business\AT.Business.csproj", "{CD6664F1-A877-49E1-8947-60A1212DD187}"
EndProject
Project("{FAE04EC0-301F-11D3-BF4B-00C04F79EFBC}") = "AT.Common", "AT.Common\AT.Common.csproj", "{1C665AED-C424-4FE7-984E-C454704C3461}"
EndProject
Global
	GlobalSection(SolutionConfigurationPlatforms) = preSolution
		Debug|Any CPU = Debug|Any CPU
		Release|Any CPU = Release|Any CPU
	EndGlobalSection
	GlobalSection(ProjectConfigurationPlatforms) = postSolution
		{A379BC90-B42E-4A5E-8295-8AC9637E9A57}.Debug|Any CPU.ActiveCfg = Debug|Any CPU
		{A379BC90-B42E-4A5E-8295-8AC9637E9A57}.Debug|Any CPU.Build.0 = Debug|Any CPU
		{A379BC90-B42E-4A5E-8295-8AC9637E9A57}.Release|Any CPU.ActiveCfg = Release|Any CPU
		{A379BC90-B42E-4A5E-8295-8AC9637E9A57}.Release|Any CPU.Build.0 = Release|Any CPU
		{73F8862E-FB5D-40BE-87E6-51303E630070}.Debug|Any CPU.ActiveCfg = Debug|Any CPU
		{73F8862E-FB5D-40BE-87E6-51303E630070}.Debug|Any CPU.Build.0 = Debug|Any CPU
		{73F8862E-FB5D-40BE-87E6-51303E630070}.Release|Any CPU.ActiveCfg = Release|Any CPU
		{73F8862E-FB5D-40BE-87E6-51303E630070}.Release|Any CPU.Build.0 = Release|Any CPU
		{2BEF8B3F-2CB7-4C59-9518-14F395134966}.Debug|Any CPU.ActiveCfg = Debug|Any CPU
		{2BEF8B3F-2CB7-4C59-9518-14F395134966}.Debug|Any CPU.Build.0 = Debug|Any CPU
		{2BEF8B3F-2CB7-4C59-9518-14F395134966}.Release|Any CPU.ActiveCfg = Release|Any CPU
		{2BEF8B3F-2CB7-4C59-9518-14F395134966}.Release|Any CPU.Build.0 = Release|Any CPU
		{CD6664F1-A877-49E1-8947-60A1212DD187}.Debug|Any CPU.ActiveCfg = Debug|Any CPU
		{CD6664F1-A877-49E1-8947-60A1212DD187}.Debug|Any CPU.Build.0 = Debug|Any CPU
		{CD6664F1-A877-49E1-8947-60A1212DD187}.Release|Any CPU.ActiveCfg = Release|Any CPU
		{CD6664F1-A877-49E1-8947-60A1212DD187}.Release|Any CPU.Build.0 = Release|Any CPU
		{1C665AED-C424-4FE7-984E-C454704C3461}.Debug|Any CPU.ActiveCfg = Debug|Any CPU
		{1C665AED-C424-4FE7-984E-C454704C3461}.Debug|Any CPU.Build.0 = Debug|Any CPU
		{1C665AED-C424-4FE7-984E-C454704C3461}.Release|Any CPU.ActiveCfg = Release|Any CPU
		{1C665AED-C424-4FE7-984E-C454704C3461}.Release|Any CPU.Build.0 = Release|Any CPU
	EndGlobalSection
	GlobalSection(SolutionProperties) = preSolution
		HideSolutionNode = FALSE
	EndGlobalSection
	GlobalSection(ExtensibilityGlobals) = postSolution
		SolutionGuid = {EA8F64A0-B047-48DB-9914-A5B0F3F52F74}
	EndGlobalSection
EndGlobal
